
Microsoft Visual Studio Solution File, Format Version 12.00
# Visual Studio Version 17
VisualStudioVersion = 17.5.33627.172
MinimumVisualStudioVersion = 10.0.40219.1
Project("{9A19103F-16F7-4668-BE54-9A1E7A4F7556}") = "TrenAPI", "TrenAPI\TrenAPI.csproj", "{B7EEAB3D-2FB6-4143-9FC6-77F06C4F677C}"
EndProject
Global
	GlobalSection(SolutionConfigurationPlatforms) = preSolution
		Debug|Any CPU = Debug|Any CPU
		Release|Any CPU = Release|Any CPU
	EndGlobalSection
	GlobalSection(ProjectConfigurationPlatforms) = postSolution
		{B7EEAB3D-2FB6-4143-9FC6-77F06C4F677C}.Debug|Any CPU.ActiveCfg = Debug|Any CPU
		{B7EEAB3D-2FB6-4143-9FC6-77F06C4F677C}.Debug|Any CPU.Build.0 = Debug|Any CPU
		{B7EEAB3D-2FB6-4143-9FC6-77F06C4F677C}.Release|Any CPU.ActiveCfg = Release|Any CPU
		{B7EEAB3D-2FB6-4143-9FC6-77F06C4F677C}.Release|Any CPU.Build.0 = Release|Any CPU
	EndGlobalSection
	GlobalSection(SolutionProperties) = preSolution
		HideSolutionNode = FALSE
	EndGlobalSection
	GlobalSection(ExtensibilityGlobals) = postSolution
		SolutionGuid = {83CFAE5F-C931-477B-BF3C-7256C118907B}
	EndGlobalSection
EndGlobal
